// !$*UTF8*$!
{
	archiveVersion = 1;
	classes = {
	};
	objectVersion = 50;
	objects = {

/* Begin PBXBuildFile section */
		2872E49123F3969B0069CBED /* AppDelegate.swift in Sources */ = {isa = PBXBuildFile; fileRef = 2872E49023F3969B0069CBED /* AppDelegate.swift */; };
		2872E49323F3969B0069CBED /* SceneDelegate.swift in Sources */ = {isa = PBXBuildFile; fileRef = 2872E49223F3969B0069CBED /* SceneDelegate.swift */; };
		2872E49623F3969B0069CBED /* TyemteeGuess.xcdatamodeld in Sources */ = {isa = PBXBuildFile; fileRef = 2872E49423F3969B0069CBED /* TyemteeGuess.xcdatamodeld */; };
		2872E49823F3969B0069CBED /* ContentView.swift in Sources */ = {isa = PBXBuildFile; fileRef = 2872E49723F3969B0069CBED /* ContentView.swift */; };
		2872E49D23F3969C0069CBED /* Preview Assets.xcassets in Resources */ = {isa = PBXBuildFile; fileRef = 2872E49C23F3969C0069CBED /* Preview Assets.xcassets */; };
		2872E4A023F3969C0069CBED /* LaunchScreen.storyboard in Resources */ = {isa = PBXBuildFile; fileRef = 2872E49E23F3969C0069CBED /* LaunchScreen.storyboard */; };
		2872E4AB23F3969C0069CBED /* TyemteeGuessTests.swift in Sources */ = {isa = PBXBuildFile; fileRef = 2872E4AA23F3969C0069CBED /* TyemteeGuessTests.swift */; };
		2872E4B623F3969C0069CBED /* TyemteeGuessUITests.swift in Sources */ = {isa = PBXBuildFile; fileRef = 2872E4B523F3969C0069CBED /* TyemteeGuessUITests.swift */; };
		2872E4C423F396D40069CBED /* Assets.xcassets in Resources */ = {isa = PBXBuildFile; fileRef = 2872E4C323F396D40069CBED /* Assets.xcassets */; };
/* End PBXBuildFile section */

/* Begin PBXContainerItemProxy section */
		2872E4A723F3969C0069CBED /* PBXContainerItemProxy */ = {
			isa = PBXContainerItemProxy;
			containerPortal = 2872E48523F3969B0069CBED /* Project object */;
			proxyType = 1;
			remoteGlobalIDString = 2872E48C23F3969B0069CBED;
			remoteInfo = TyemteeGuess;
		};
		2872E4B223F3969C0069CBED /* PBXContainerItemProxy */ = {
			isa = PBXContainerItemProxy;
			containerPortal = 2872E48523F3969B0069CBED /* Project object */;
			proxyType = 1;
			remoteGlobalIDString = 2872E48C23F3969B0069CBED;
			remoteInfo = TyemteeGuess;
		};
/* End PBXContainerItemProxy section */

/* Begin PBXFileReference section */
		2872E48D23F3969B0069CBED /* TyemteeGuess.app */ = {isa = PBXFileReference; explicitFileType = wrapper.application; includeInIndex = 0; path = TyemteeGuess.app; sourceTree = BUILT_PRODUCTS_DIR; };
		2872E49023F3969B0069CBED /* AppDelegate.swift */ = {isa = PBXFileReference; lastKnownFileType = sourcecode.swift; path = AppDelegate.swift; sourceTree = "<group>"; };
		2872E49223F3969B0069CBED /* SceneDelegate.swift */ = {isa = PBXFileReference; lastKnownFileType = sourcecode.swift; path = SceneDelegate.swift; sourceTree = "<group>"; };
		2872E49523F3969B0069CBED /* TyemteeGuess.xcdatamodel */ = {isa = PBXFileReference; lastKnownFileType = wrapper.xcdatamodel; path = TyemteeGuess.xcdatamodel; sourceTree = "<group>"; };
		2872E49723F3969B0069CBED /* ContentView.swift */ = {isa = PBXFileReference; lastKnownFileType = sourcecode.swift; path = ContentView.swift; sourceTree = "<group>"; };
		2872E49C23F3969C0069CBED /* Preview Assets.xcassets */ = {isa = PBXFileReference; lastKnownFileType = folder.assetcatalog; path = "Preview Assets.xcassets"; sourceTree = "<group>"; };
		2872E49F23F3969C0069CBED /* Base */ = {isa = PBXFileReference; lastKnownFileType = file.storyboard; name = Base; path = Base.lproj/LaunchScreen.storyboard; sourceTree = "<group>"; };
		2872E4A123F3969C0069CBED /* Info.plist */ = {isa = PBXFileReference; lastKnownFileType = text.plist.xml; path = Info.plist; sourceTree = "<group>"; };
		2872E4A623F3969C0069CBED /* TyemteeGuessTests.xctest */ = {isa = PBXFileReference; explicitFileType = wrapper.cfbundle; includeInIndex = 0; path = TyemteeGuessTests.xctest; sourceTree = BUILT_PRODUCTS_DIR; };
		2872E4AA23F3969C0069CBED /* TyemteeGuessTests.swift */ = {isa = PBXFileReference; lastKnownFileType = sourcecode.swift; path = TyemteeGuessTests.swift; sourceTree = "<group>"; };
		2872E4AC23F3969C0069CBED /* Info.plist */ = {isa = PBXFileReference; lastKnownFileType = text.plist.xml; path = Info.plist; sourceTree = "<group>"; };
		2872E4B123F3969C0069CBED /* TyemteeGuessUITests.xctest */ = {isa = PBXFileReference; explicitFileType = wrapper.cfbundle; includeInIndex = 0; path = TyemteeGuessUITests.xctest; sourceTree = BUILT_PRODUCTS_DIR; };
		2872E4B523F3969C0069CBED /* TyemteeGuessUITests.swift */ = {isa = PBXFileReference; lastKnownFileType = sourcecode.swift; path = TyemteeGuessUITests.swift; sourceTree = "<group>"; };
		2872E4B723F3969C0069CBED /* Info.plist */ = {isa = PBXFileReference; lastKnownFileType = text.plist.xml; path = Info.plist; sourceTree = "<group>"; };
		2872E4C323F396D40069CBED /* Assets.xcassets */ = {isa = PBXFileReference; lastKnownFileType = folder.assetcatalog; path = Assets.xcassets; sourceTree = "<group>"; };
/* End PBXFileReference section */

/* Begin PBXFrameworksBuildPhase section */
		2872E48A23F3969B0069CBED /* Frameworks */ = {
			isa = PBXFrameworksBuildPhase;
			buildActionMask = 2147483647;
			files = (
			);
			runOnlyForDeploymentPostprocessing = 0;
		};
		2872E4A323F3969C0069CBED /* Frameworks */ = {
			isa = PBXFrameworksBuildPhase;
			buildActionMask = 2147483647;
			files = (
			);
			runOnlyForDeploymentPostprocessing = 0;
		};
		2872E4AE23F3969C0069CBED /* Frameworks */ = {
			isa = PBXFrameworksBuildPhase;
			buildActionMask = 2147483647;
			files = (
			);
			runOnlyForDeploymentPostprocessing = 0;
		};
/* End PBXFrameworksBuildPhase section */

/* Begin PBXGroup section */
		2872E48423F3969B0069CBED = {
			isa = PBXGroup;
			children = (
				2872E48F23F3969B0069CBED /* TyemteeGuess */,
				2872E4A923F3969C0069CBED /* TyemteeGuessTests */,
				2872E4B423F3969C0069CBED /* TyemteeGuessUITests */,
				2872E48E23F3969B0069CBED /* Products */,
			);
			sourceTree = "<group>";
		};
		2872E48E23F3969B0069CBED /* Products */ = {
			isa = PBXGroup;
			children = (
				2872E48D23F3969B0069CBED /* TyemteeGuess.app */,
				2872E4A623F3969C0069CBED /* TyemteeGuessTests.xctest */,
				2872E4B123F3969C0069CBED /* TyemteeGuessUITests.xctest */,
			);
			name = Products;
			sourceTree = "<group>";
		};
		2872E48F23F3969B0069CBED /* TyemteeGuess */ = {
			isa = PBXGroup;
			children = (
				2872E49023F3969B0069CBED /* AppDelegate.swift */,
				2872E49223F3969B0069CBED /* SceneDelegate.swift */,
				2872E49723F3969B0069CBED /* ContentView.swift */,
				2872E49E23F3969C0069CBED /* LaunchScreen.storyboard */,
				2872E4C323F396D40069CBED /* Assets.xcassets */,
				2872E4A123F3969C0069CBED /* Info.plist */,
				2872E49423F3969B0069CBED /* TyemteeGuess.xcdatamodeld */,
				2872E49B23F3969C0069CBED /* Preview Content */,
			);
			path = TyemteeGuess;
			sourceTree = "<group>";
		};
		2872E49B23F3969C0069CBED /* Preview Content */ = {
			isa = PBXGroup;
			children = (
				2872E49C23F3969C0069CBED /* Preview Assets.xcassets */,
			);
			path = "Preview Content";
			sourceTree = "<group>";
		};
		2872E4A923F3969C0069CBED /* TyemteeGuessTests */ = {
			isa = PBXGroup;
			children = (
				2872E4AA23F3969C0069CBED /* TyemteeGuessTests.swift */,
				2872E4AC23F3969C0069CBED /* Info.plist */,
			);
			path = TyemteeGuessTests;
			sourceTree = "<group>";
		};
		2872E4B423F3969C0069CBED /* TyemteeGuessUITests */ = {
			isa = PBXGroup;
			children = (
				2872E4B523F3969C0069CBED /* TyemteeGuessUITests.swift */,
				2872E4B723F3969C0069CBED /* Info.plist */,
			);
			path = TyemteeGuessUITests;
			sourceTree = "<group>";
		};
/* End PBXGroup section */

/* Begin PBXNativeTarget section */
		2872E48C23F3969B0069CBED /* TyemteeGuess */ = {
			isa = PBXNativeTarget;
			buildConfigurationList = 2872E4BA23F3969C0069CBED /* Build configuration list for PBXNativeTarget "TyemteeGuess" */;
			buildPhases = (
				2872E48923F3969B0069CBED /* Sources */,
				2872E48A23F3969B0069CBED /* Frameworks */,
				2872E48B23F3969B0069CBED /* Resources */,
			);
			buildRules = (
			);
			dependencies = (
			);
			name = TyemteeGuess;
			productName = TyemteeGuess;
			productReference = 2872E48D23F3969B0069CBED /* TyemteeGuess.app */;
			productType = "com.apple.product-type.application";
		};
		2872E4A523F3969C0069CBED /* TyemteeGuessTests */ = {
			isa = PBXNativeTarget;
			buildConfigurationList = 2872E4BD23F3969C0069CBED /* Build configuration list for PBXNativeTarget "TyemteeGuessTests" */;
			buildPhases = (
				2872E4A223F3969C0069CBED /* Sources */,
				2872E4A323F3969C0069CBED /* Frameworks */,
				2872E4A423F3969C0069CBED /* Resources */,
			);
			buildRules = (
			);
			dependencies = (
				2872E4A823F3969C0069CBED /* PBXTargetDependency */,
			);
			name = TyemteeGuessTests;
			productName = TyemteeGuessTests;
			productReference = 2872E4A623F3969C0069CBED /* TyemteeGuessTests.xctest */;
			productType = "com.apple.product-type.bundle.unit-test";
		};
		2872E4B023F3969C0069CBED /* TyemteeGuessUITests */ = {
			isa = PBXNativeTarget;
			buildConfigurationList = 2872E4C023F3969C0069CBED /* Build configuration list for PBXNativeTarget "TyemteeGuessUITests" */;
			buildPhases = (
				2872E4AD23F3969C0069CBED /* Sources */,
				2872E4AE23F3969C0069CBED /* Frameworks */,
				2872E4AF23F3969C0069CBED /* Resources */,
			);
			buildRules = (
			);
			dependencies = (
				2872E4B323F3969C0069CBED /* PBXTargetDependency */,
			);
			name = TyemteeGuessUITests;
			productName = TyemteeGuessUITests;
			productReference = 2872E4B123F3969C0069CBED /* TyemteeGuessUITests.xctest */;
			productType = "com.apple.product-type.bundle.ui-testing";
		};
/* End PBXNativeTarget section */

/* Begin PBXProject section */
		2872E48523F3969B0069CBED /* Project object */ = {
			isa = PBXProject;
			attributes = {
				LastSwiftUpdateCheck = 1130;
				LastUpgradeCheck = 1130;
				ORGANIZATIONNAME = Viettasc;
				TargetAttributes = {
					2872E48C23F3969B0069CBED = {
						CreatedOnToolsVersion = 11.3.1;
					};
					2872E4A523F3969C0069CBED = {
						CreatedOnToolsVersion = 11.3.1;
						TestTargetID = 2872E48C23F3969B0069CBED;
					};
					2872E4B023F3969C0069CBED = {
						CreatedOnToolsVersion = 11.3.1;
						TestTargetID = 2872E48C23F3969B0069CBED;
					};
				};
			};
			buildConfigurationList = 2872E48823F3969B0069CBED /* Build configuration list for PBXProject "TyemteeGuess" */;
			compatibilityVersion = "Xcode 9.3";
			developmentRegion = en;
			hasScannedForEncodings = 0;
			knownRegions = (
				en,
				Base,
			);
			mainGroup = 2872E48423F3969B0069CBED;
			productRefGroup = 2872E48E23F3969B0069CBED /* Products */;
			projectDirPath = "";
			projectRoot = "";
			targets = (
				2872E48C23F3969B0069CBED /* TyemteeGuess */,
				2872E4A523F3969C0069CBED /* TyemteeGuessTests */,
				2872E4B023F3969C0069CBED /* TyemteeGuessUITests */,
			);
		};
/* End PBXProject section */

/* Begin PBXResourcesBuildPhase section */
		2872E48B23F3969B0069CBED /* Resources */ = {
			isa = PBXResourcesBuildPhase;
			buildActionMask = 2147483647;
			files = (
				2872E4A023F3969C0069CBED /* LaunchScreen.storyboard in Resources */,
				2872E4C423F396D40069CBED /* Assets.xcassets in Resources */,
				2872E49D23F3969C0069CBED /* Preview Assets.xcassets in Resources */,
			);
			runOnlyForDeploymentPostprocessing = 0;
		};
		2872E4A423F3969C0069CBED /* Resources */ = {
			isa = PBXResourcesBuildPhase;
			buildActionMask = 2147483647;
			files = (
			);
			runOnlyForDeploymentPostprocessing = 0;
		};
		2872E4AF23F3969C0069CBED /* Resources */ = {
			isa = PBXResourcesBuildPhase;
			buildActionMask = 2147483647;
			files = (
			);
			runOnlyForDeploymentPostprocessing = 0;
		};
/* End PBXResourcesBuildPhase section */

/* Begin PBXSourcesBuildPhase section */
		2872E48923F3969B0069CBED /* Sources */ = {
			isa = PBXSourcesBuildPhase;
			buildActionMask = 2147483647;
			files = (
				2872E49123F3969B0069CBED /* AppDelegate.swift in Sources */,
				2872E49623F3969B0069CBED /* TyemteeGuess.xcdatamodeld in Sources */,
				2872E49823F3969B0069CBED /* ContentView.swift in Sources */,
				2872E49323F3969B0069CBED /* SceneDelegate.swift in Sources */,
			);
			runOnlyForDeploymentPostprocessing = 0;
		};
		2872E4A223F3969C0069CBED /* Sources */ = {
			isa = PBXSourcesBuildPhase;
			buildActionMask = 2147483647;
			files = (
				2872E4AB23F3969C0069CBED /* TyemteeGuessTests.swift in Sources */,
			);
			runOnlyForDeploymentPostprocessing = 0;
		};
		2872E4AD23F3969C0069CBED /* Sources */ = {
			isa = PBXSourcesBuildPhase;
			buildActionMask = 2147483647;
			files = (
				2872E4B623F3969C0069CBED /* TyemteeGuessUITests.swift in Sources */,
			);
			runOnlyForDeploymentPostprocessing = 0;
		};
/* End PBXSourcesBuildPhase section */

/* Begin PBXTargetDependency section */
		2872E4A823F3969C0069CBED /* PBXTargetDependency */ = {
			isa = PBXTargetDependency;
			target = 2872E48C23F3969B0069CBED /* TyemteeGuess */;
			targetProxy = 2872E4A723F3969C0069CBED /* PBXContainerItemProxy */;
		};
		2872E4B323F3969C0069CBED /* PBXTargetDependency */ = {
			isa = PBXTargetDependency;
			target = 2872E48C23F3969B0069CBED /* TyemteeGuess */;
			targetProxy = 2872E4B223F3969C0069CBED /* PBXContainerItemProxy */;
		};
/* End PBXTargetDependency section */

/* Begin PBXVariantGroup section */
		2872E49E23F3969C0069CBED /* LaunchScreen.storyboard */ = {
			isa = PBXVariantGroup;
			children = (
				2872E49F23F3969C0069CBED /* Base */,
			);
			name = LaunchScreen.storyboard;
			sourceTree = "<group>";
		};
/* End PBXVariantGroup section */

/* Begin XCBuildConfiguration section */
		2872E4B823F3969C0069CBED /* Debug */ = {
			isa = XCBuildConfiguration;
			buildSettings = {
				ALWAYS_SEARCH_USER_PATHS = NO;
				CLANG_ANALYZER_NONNULL = YES;
				CLANG_ANALYZER_NUMBER_OBJECT_CONVERSION = YES_AGGRESSIVE;
				CLANG_CXX_LANGUAGE_STANDARD = "gnu++14";
				CLANG_CXX_LIBRARY = "libc++";
				CLANG_ENABLE_MODULES = YES;
				CLANG_ENABLE_OBJC_ARC = YES;
				CLANG_ENABLE_OBJC_WEAK = YES;
				CLANG_WARN_BLOCK_CAPTURE_AUTORELEASING = YES;
				CLANG_WARN_BOOL_CONVERSION = YES;
				CLANG_WARN_COMMA = YES;
				CLANG_WARN_CONSTANT_CONVERSION = YES;
				CLANG_WARN_DEPRECATED_OBJC_IMPLEMENTATIONS = YES;
				CLANG_WARN_DIRECT_OBJC_ISA_USAGE = YES_ERROR;
				CLANG_WARN_DOCUMENTATION_COMMENTS = YES;
				CLANG_WARN_EMPTY_BODY = YES;
				CLANG_WARN_ENUM_CONVERSION = YES;
				CLANG_WARN_INFINITE_RECURSION = YES;
				CLANG_WARN_INT_CONVERSION = YES;
				CLANG_WARN_NON_LITERAL_NULL_CONVERSION = YES;
				CLANG_WARN_OBJC_IMPLICIT_RETAIN_SELF = YES;
				CLANG_WARN_OBJC_LITERAL_CONVERSION = YES;
				CLANG_WARN_OBJC_ROOT_CLASS = YES_ERROR;
				CLANG_WARN_RANGE_LOOP_ANALYSIS = YES;
				CLANG_WARN_STRICT_PROTOTYPES = YES;
				CLANG_WARN_SUSPICIOUS_MOVE = YES;
				CLANG_WARN_UNGUARDED_AVAILABILITY = YES_AGGRESSIVE;
				CLANG_WARN_UNREACHABLE_CODE = YES;
				CLANG_WARN__DUPLICATE_METHOD_MATCH = YES;
				COPY_PHASE_STRIP = NO;
				DEBUG_INFORMATION_FORMAT = dwarf;
				ENABLE_STRICT_OBJC_MSGSEND = YES;
				ENABLE_TESTABILITY = YES;
				GCC_C_LANGUAGE_STANDARD = gnu11;
				GCC_DYNAMIC_NO_PIC = NO;
				GCC_NO_COMMON_BLOCKS = YES;
				GCC_OPTIMIZATION_LEVEL = 0;
				GCC_PREPROCESSOR_DEFINITIONS = (
					"DEBUG=1",
					"$(inherited)",
				);
				GCC_WARN_64_TO_32_BIT_CONVERSION = YES;
				GCC_WARN_ABOUT_RETURN_TYPE = YES_ERROR;
				GCC_WARN_UNDECLARED_SELECTOR = YES;
				GCC_WARN_UNINITIALIZED_AUTOS = YES_AGGRESSIVE;
				GCC_WARN_UNUSED_FUNCTION = YES;
				GCC_WARN_UNUSED_VARIABLE = YES;
				IPHONEOS_DEPLOYMENT_TARGET = 13.2;
				MTL_ENABLE_DEBUG_INFO = INCLUDE_SOURCE;
				MTL_FAST_MATH = YES;
				ONLY_ACTIVE_ARCH = YES;
				SDKROOT = iphoneos;
				SWIFT_ACTIVE_COMPILATION_CONDITIONS = DEBUG;
				SWIFT_OPTIMIZATION_LEVEL = "-Onone";
			};
			name = Debug;
		};
		2872E4B923F3969C0069CBED /* Release */ = {
			isa = XCBuildConfiguration;
			buildSettings = {
				ALWAYS_SEARCH_USER_PATHS = NO;
				CLANG_ANALYZER_NONNULL = YES;
				CLANG_ANALYZER_NUMBER_OBJECT_CONVERSION = YES_AGGRESSIVE;
				CLANG_CXX_LANGUAGE_STANDARD = "gnu++14";
				CLANG_CXX_LIBRARY = "libc++";
				CLANG_ENABLE_MODULES = YES;
				CLANG_ENABLE_OBJC_ARC = YES;
				CLANG_ENABLE_OBJC_WEAK = YES;
				CLANG_WARN_BLOCK_CAPTURE_AUTORELEASING = YES;
				CLANG_WARN_BOOL_CONVERSION = YES;
				CLANG_WARN_COMMA = YES;
				CLANG_WARN_CONSTANT_CONVERSION = YES;
				CLANG_WARN_DEPRECATED_OBJC_IMPLEMENTATIONS = YES;
				CLANG_WARN_DIRECT_OBJC_ISA_USAGE = YES_ERROR;
				CLANG_WARN_DOCUMENTATION_COMMENTS = YES;
				CLANG_WARN_EMPTY_BODY = YES;
				CLANG_WARN_ENUM_CONVERSION = YES;
				CLANG_WARN_INFINITE_RECURSION = YES;
				CLANG_WARN_INT_CONVERSION = YES;
				CLANG_WARN_NON_LITERAL_NULL_CONVERSION = YES;
				CLANG_WARN_OBJC_IMPLICIT_RETAIN_SELF = YES;
				CLANG_WARN_OBJC_LITERAL_CONVERSION = YES;
				CLANG_WARN_OBJC_ROOT_CLASS = YES_ERROR;
				CLANG_WARN_RANGE_LOOP_ANALYSIS = YES;
				CLANG_WARN_STRICT_PROTOTYPES = YES;
				CLANG_WARN_SUSPICIOUS_MOVE = YES;
				CLANG_WARN_UNGUARDED_AVAILABILITY = YES_AGGRESSIVE;
				CLANG_WARN_UNREACHABLE_CODE = YES;
				CLANG_WARN__DUPLICATE_METHOD_MATCH = YES;
				COPY_PHASE_STRIP = NO;
				DEBUG_INFORMATION_FORMAT = "dwarf-with-dsym";
				ENABLE_NS_ASSERTIONS = NO;
				ENABLE_STRICT_OBJC_MSGSEND = YES;
				GCC_C_LANGUAGE_STANDARD = gnu11;
				GCC_NO_COMMON_BLOCKS = YES;
				GCC_WARN_64_TO_32_BIT_CONVERSION = YES;
				GCC_WARN_ABOUT_RETURN_TYPE = YES_ERROR;
				GCC_WARN_UNDECLARED_SELECTOR = YES;
				GCC_WARN_UNINITIALIZED_AUTOS = YES_AGGRESSIVE;
				GCC_WARN_UNUSED_FUNCTION = YES;
				GCC_WARN_UNUSED_VARIABLE = YES;
				IPHONEOS_DEPLOYMENT_TARGET = 13.2;
				MTL_ENABLE_DEBUG_INFO = NO;
				MTL_FAST_MATH = YES;
				SDKROOT = iphoneos;
				SWIFT_COMPILATION_MODE = wholemodule;
				SWIFT_OPTIMIZATION_LEVEL = "-O";
				VALIDATE_PRODUCT = YES;
			};
			name = Release;
		};
		2872E4BB23F3969C0069CBED /* Debug */ = {
			isa = XCBuildConfiguration;
			buildSettings = {
				ASSETCATALOG_COMPILER_APPICON_NAME = AppIcon;
				CODE_SIGN_STYLE = Automatic;
				DEVELOPMENT_ASSET_PATHS = "\"TyemteeGuess/Preview Content\"";
				DEVELOPMENT_TEAM = 62WM398225;
				ENABLE_PREVIEWS = YES;
				INFOPLIST_FILE = TyemteeGuess/Info.plist;
				LD_RUNPATH_SEARCH_PATHS = (
					"$(inherited)",
					"@executable_path/Frameworks",
				);
				PRODUCT_BUNDLE_IDENTIFIER = mia.ace.senegal.TyemteeGuess;
				PRODUCT_NAME = "$(TARGET_NAME)";
				SWIFT_VERSION = 5.0;
				TARGETED_DEVICE_FAMILY = "1,2";
			};
			name = Debug;
		};
		2872E4BC23F3969C0069CBED /* Release */ = {
			isa = XCBuildConfiguration;
			buildSettings = {
				ASSETCATALOG_COMPILER_APPICON_NAME = AppIcon;
				CODE_SIGN_STYLE = Automatic;
				DEVELOPMENT_ASSET_PATHS = "\"TyemteeGuess/Preview Content\"";
				DEVELOPMENT_TEAM = 62WM398225;
				ENABLE_PREVIEWS = YES;
				INFOPLIST_FILE = TyemteeGuess/Info.plist;
				LD_RUNPATH_SEARCH_PATHS = (
					"$(inherited)",
					"@executable_path/Frameworks",
				);
				PRODUCT_BUNDLE_IDENTIFIER = mia.ace.senegal.TyemteeGuess;
				PRODUCT_NAME = "$(TARGET_NAME)";
				SWIFT_VERSION = 5.0;
				TARGETED_DEVICE_FAMILY = "1,2";
			};
			name = Release;
		};
		2872E4BE23F3969C0069CBED /* Debug */ = {
			isa = XCBuildConfiguration;
			buildSettings = {
				ALWAYS_EMBED_SWIFT_STANDARD_LIBRARIES = YES;
				BUNDLE_LOADER = "$(TEST_HOST)";
				CODE_SIGN_STYLE = Automatic;
				DEVELOPMENT_TEAM = 62WM398225;
				INFOPLIST_FILE = TyemteeGuessTests/Info.plist;
				IPHONEOS_DEPLOYMENT_TARGET = 13.2;
				LD_RUNPATH_SEARCH_PATHS = (
					"$(inherited)",
					"@executable_path/Frameworks",
					"@loader_path/Frameworks",
				);
				PRODUCT_BUNDLE_IDENTIFIER = mia.ace.senegal.TyemteeGuessTests;
				PRODUCT_NAME = "$(TARGET_NAME)";
				SWIFT_VERSION = 5.0;
				TARGETED_DEVICE_FAMILY = "1,2";
				TEST_HOST = "$(BUILT_PRODUCTS_DIR)/TyemteeGuess.app/TyemteeGuess";
			};
			name = Debug;
		};
		2872E4BF23F3969C0069CBED /* Release */ = {
			isa = XCBuildConfiguration;
			buildSettings = {
				ALWAYS_EMBED_SWIFT_STANDARD_LIBRARIES = YES;
				BUNDLE_LOADER = "$(TEST_HOST)";
				CODE_SIGN_STYLE = Automatic;
				DEVELOPMENT_TEAM = 62WM398225;
				INFOPLIST_FILE = TyemteeGuessTests/Info.plist;
				IPHONEOS_DEPLOYMENT_TARGET = 13.2;
				LD_RUNPATH_SEARCH_PATHS = (
					"$(inherited)",
					"@executable_path/Frameworks",
					"@loader_path/Frameworks",
				);
				PRODUCT_BUNDLE_IDENTIFIER = mia.ace.senegal.TyemteeGuessTests;
				PRODUCT_NAME = "$(TARGET_NAME)";
				SWIFT_VERSION = 5.0;
				TARGETED_DEVICE_FAMILY = "1,2";
				TEST_HOST = "$(BUILT_PRODUCTS_DIR)/TyemteeGuess.app/TyemteeGuess";
			};
			name = Release;
		};
		2872E4C123F3969C0069CBED /* Debug */ = {
			isa = XCBuildConfiguration;
			buildSettings = {
				ALWAYS_EMBED_SWIFT_STANDARD_LIBRARIES = YES;
				CODE_SIGN_STYLE = Automatic;
				DEVELOPMENT_TEAM = 62WM398225;
				INFOPLIST_FILE = TyemteeGuessUITests/Info.plist;
				LD_RUNPATH_SEARCH_PATHS = (
					"$(inherited)",
					"@executable_path/Frameworks",
					"@loader_path/Frameworks",
				);
				PRODUCT_BUNDLE_IDENTIFIER = mia.ace.senegal.TyemteeGuessUITests;
				PRODUCT_NAME = "$(TARGET_NAME)";
				SWIFT_VERSION = 5.0;
				TARGETED_DEVICE_FAMILY = "1,2";
				TEST_TARGET_NAME = TyemteeGuess;
			};
			name = Debug;
		};
		2872E4C223F3969C0069CBED /* Release */ = {
			isa = XCBuildConfiguration;
			buildSettings = {
				ALWAYS_EMBED_SWIFT_STANDARD_LIBRARIES = YES;
				CODE_SIGN_STYLE = Automatic;
				DEVELOPMENT_TEAM = 62WM398225;
				INFOPLIST_FILE = TyemteeGuessUITests/Info.plist;
				LD_RUNPATH_SEARCH_PATHS = (
					"$(inherited)",
					"@executable_path/Frameworks",
					"@loader_path/Frameworks",
				);
				PRODUCT_BUNDLE_IDENTIFIER = mia.ace.senegal.TyemteeGuessUITests;
				PRODUCT_NAME = "$(TARGET_NAME)";
				SWIFT_VERSION = 5.0;
				TARGETED_DEVICE_FAMILY = "1,2";
				TEST_TARGET_NAME = TyemteeGuess;
			};
			name = Release;
		};
/* End XCBuildConfiguration section */

/* Begin XCConfigurationList section */
		2872E48823F3969B0069CBED /* Build configuration list for PBXProject "TyemteeGuess" */ = {
			isa = XCConfigurationList;
			buildConfigurations = (
				2872E4B823F3969C0069CBED /* Debug */,
				2872E4B923F3969C0069CBED /* Release */,
			);
			defaultConfigurationIsVisible = 0;
			defaultConfigurationName = Release;
		};
		2872E4BA23F3969C0069CBED /* Build configuration list for PBXNativeTarget "TyemteeGuess" */ = {
			isa = XCConfigurationList;
			buildConfigurations = (
				2872E4BB23F3969C0069CBED /* Debug */,
				2872E4BC23F3969C0069CBED /* Release */,
			);
			defaultConfigurationIsVisible = 0;
			defaultConfigurationName = Release;
		};
		2872E4BD23F3969C0069CBED /* Build configuration list for PBXNativeTarget "TyemteeGuessTests" */ = {
			isa = XCConfigurationList;
			buildConfigurations = (
				2872E4BE23F3969C0069CBED /* Debug */,
				2872E4BF23F3969C0069CBED /* Release */,
			);
			defaultConfigurationIsVisible = 0;
			defaultConfigurationName = Release;
		};
		2872E4C023F3969C0069CBED /* Build configuration list for PBXNativeTarget "TyemteeGuessUITests" */ = {
			isa = XCConfigurationList;
			buildConfigurations = (
				2872E4C123F3969C0069CBED /* Debug */,
				2872E4C223F3969C0069CBED /* Release */,
			);
			defaultConfigurationIsVisible = 0;
			defaultConfigurationName = Release;
		};
/* End XCConfigurationList section */

/* Begin XCVersionGroup section */
		2872E49423F3969B0069CBED /* TyemteeGuess.xcdatamodeld */ = {
			isa = XCVersionGroup;
			children = (
				2872E49523F3969B0069CBED /* TyemteeGuess.xcdatamodel */,
			);
			currentVersion = 2872E49523F3969B0069CBED /* TyemteeGuess.xcdatamodel */;
			path = TyemteeGuess.xcdatamodeld;
			sourceTree = "<group>";
			versionGroupType = wrapper.xcdatamodel;
		};
/* End XCVersionGroup section */
	};
	rootObject = 2872E48523F3969B0069CBED /* Project object */;
}
